# THIS IS AN AUTOGENERATED FILE. DO NOT EDIT THIS FILE DIRECTLY.
# yarn lockfile v1


"@mapbox/node-pre-gyp@^1.0.0":
  "integrity" "sha1-Kgsy/LQW+z8iUP0kyyqBQhpPWVA="
  "resolved" "https://registry.nlark.com/@mapbox/node-pre-gyp/download/@mapbox/node-pre-gyp-1.0.5.tgz?cache=0&sync_timestamp=1620708795285&other_urls=https%3A%2F%2Fregistry.nlark.com%2F%40mapbox%2Fnode-pre-gyp%2Fdownload%2F%40mapbox%2Fnode-pre-gyp-1.0.5.tgz"
  "version" "1.0.5"
  dependencies:
    "detect-libc" "^1.0.3"
    "https-proxy-agent" "^5.0.0"
    "make-dir" "^3.1.0"
    "node-fetch" "^2.6.1"
    "nopt" "^5.0.0"
    "npmlog" "^4.1.2"
    "rimraf" "^3.0.2"
    "semver" "^7.3.4"
    "tar" "^6.1.0"

"@types/node@*":
  "integrity" "sha1-HytCxL5xVv9Kb5FLL7A9BfqE440="
  "resolved" "https://registry.nlark.com/@types/node/download/@types/node-15.12.2.tgz"
  "version" "15.12.2"

"abbrev@1":
  "integrity" "sha1-+PLIh60Qv2f2NPAFtph/7TF5qsg="
  "resolved" "https://registry.npm.taobao.org/abbrev/download/abbrev-1.1.1.tgz"
  "version" "1.1.1"

"accepts@^1.2.2":
  "integrity" "sha1-UxvHJlF6OytB+FACHGzBXqq1B80="
  "resolved" "https://registry.npm.taobao.org/accepts/download/accepts-1.3.7.tgz"
  "version" "1.3.7"
  dependencies:
    "mime-types" "~2.1.24"
    "negotiator" "0.6.2"

"agent-base@6":
  "integrity" "sha1-Sf/1hXfP7j83F2/qtMIuAPhtf3c="
  "resolved" "https://registry.npm.taobao.org/agent-base/download/agent-base-6.0.2.tgz?cache=0&sync_timestamp=1603479960600&other_urls=https%3A%2F%2Fregistry.npm.taobao.org%2Fagent-base%2Fdownload%2Fagent-base-6.0.2.tgz"
  "version" "6.0.2"
  dependencies:
    "debug" "4"

"ansi-regex@^2.0.0":
  "integrity" "sha1-w7M6te42DYbg5ijwRorn7yfWVN8="
  "resolved" "https://registry.npm.taobao.org/ansi-regex/download/ansi-regex-2.1.1.tgz"
  "version" "2.1.1"

"any-promise@^1.1.0", "any-promise@^1.3.0":
  "integrity" "sha1-q8av7tzqUugJzcA3au0845Y10X8="
  "resolved" "https://registry.npm.taobao.org/any-promise/download/any-promise-1.3.0.tgz"
  "version" "1.3.0"

"aproba@^1.0.3":
  "integrity" "sha1-aALmJk79GMeQobDVF/DyYnvyyUo="
  "resolved" "https://registry.nlark.com/aproba/download/aproba-1.2.0.tgz"
  "version" "1.2.0"

"are-we-there-yet@~1.1.2":
  "integrity" "sha1-SzXClE8GKov82mZBB2A1D+nd/CE="
  "resolved" "https://registry.npm.taobao.org/are-we-there-yet/download/are-we-there-yet-1.1.5.tgz"
  "version" "1.1.5"
  dependencies:
    "delegates" "^1.0.0"
    "readable-stream" "^2.0.6"

"balanced-match@^1.0.0":
  "integrity" "sha1-6D46fj8wCzTLnYf2FfoMvzV2kO4="
  "resolved" "https://registry.npm.taobao.org/balanced-match/download/balanced-match-1.0.2.tgz?cache=0&sync_timestamp=1617714233441&other_urls=https%3A%2F%2Fregistry.npm.taobao.org%2Fbalanced-match%2Fdownload%2Fbalanced-match-1.0.2.tgz"
  "version" "1.0.2"

"bcrypt@^5.0.1":
  "integrity" "sha1-8aLCDyCOLM3O6kQz3wyLLFTs33E="
  "resolved" "https://registry.npm.taobao.org/bcrypt/download/bcrypt-5.0.1.tgz"
  "version" "5.0.1"
  dependencies:
    "@mapbox/node-pre-gyp" "^1.0.0"
    "node-addon-api" "^3.1.0"

"brace-expansion@^1.1.7":
  "integrity" "sha1-PH/L9SnYcibz0vUrlm/1Jx60Qd0="
  "resolved" "https://registry.npm.taobao.org/brace-expansion/download/brace-expansion-1.1.11.tgz?cache=0&sync_timestamp=1614010709807&other_urls=https%3A%2F%2Fregistry.npm.taobao.org%2Fbrace-expansion%2Fdownload%2Fbrace-expansion-1.1.11.tgz"
  "version" "1.1.11"
  dependencies:
    "balanced-match" "^1.0.0"
    "concat-map" "0.0.1"

"buffer-equal-constant-time@1.0.1":
  "integrity" "sha1-+OcRMvf/5uAaXJaXpMbz5I1cyBk="
  "resolved" "https://registry.npm.taobao.org/buffer-equal-constant-time/download/buffer-equal-constant-time-1.0.1.tgz"
  "version" "1.0.1"

"bytes@3.1.0":
  "integrity" "sha1-9s95M6Ng4FiPqf3oVlHNx/gF0fY="
  "resolved" "https://registry.npm.taobao.org/bytes/download/bytes-3.1.0.tgz"
  "version" "3.1.0"

"call-bind@^1.0.0":
  "integrity" "sha1-sdTonmiBGcPJqQOtMKuy9qkZvjw="
  "resolved" "https://registry.npm.taobao.org/call-bind/download/call-bind-1.0.2.tgz?cache=0&sync_timestamp=1610402896029&other_urls=https%3A%2F%2Fregistry.npm.taobao.org%2Fcall-bind%2Fdownload%2Fcall-bind-1.0.2.tgz"
  "version" "1.0.2"
  dependencies:
    "function-bind" "^1.1.1"
    "get-intrinsic" "^1.0.2"

"chownr@^2.0.0":
  "integrity" "sha1-Fb++U9LqtM9w8YqM1o6+Wzyx3s4="
  "resolved" "https://registry.npm.taobao.org/chownr/download/chownr-2.0.0.tgz"
  "version" "2.0.0"

"co-body@^6.0.0":
  "integrity" "sha1-2HqO/DVk+b/jrO2O9c0Ex6h2ZUc="
  "resolved" "https://registry.npm.taobao.org/co-body/download/co-body-6.1.0.tgz"
  "version" "6.1.0"
  dependencies:
    "inflation" "^2.0.0"
    "qs" "^6.5.2"
    "raw-body" "^2.3.3"
    "type-is" "^1.6.16"

"co@^4.6.0":
  "integrity" "sha1-bqa989hTrlTMuOR7+gvz+QMfsYQ="
  "resolved" "https://registry.npm.taobao.org/co/download/co-4.6.0.tgz"
  "version" "4.6.0"

"code-point-at@^1.0.0":
  "integrity" "sha1-DQcLTQQ6W+ozovGkDi7bPZpMz3c="
  "resolved" "https://registry.npm.taobao.org/code-point-at/download/code-point-at-1.1.0.tgz"
  "version" "1.1.0"

"concat-map@0.0.1":
  "integrity" "sha1-2Klr13/Wjfd5OnMDajug1UBdR3s="
  "resolved" "https://registry.npm.taobao.org/concat-map/download/concat-map-0.0.1.tgz"
  "version" "0.0.1"

"console-control-strings@^1.0.0", "console-control-strings@~1.1.0":
  "integrity" "sha1-PXz0Rk22RG6mRL9LOVB/mFEAjo4="
  "resolved" "https://registry.nlark.com/console-control-strings/download/console-control-strings-1.1.0.tgz"
  "version" "1.1.0"

"content-disposition@~0.5.0":
  "integrity" "sha1-4TDK9+cnkIfFYWwgB9BIVpiYT70="
  "resolved" "https://registry.npm.taobao.org/content-disposition/download/content-disposition-0.5.3.tgz"
  "version" "0.5.3"
  dependencies:
    "safe-buffer" "5.1.2"

"content-type@^1.0.0":
  "integrity" "sha1-4TjMdeBAxyexlm/l5fjJruJW/js="
  "resolved" "https://registry.npm.taobao.org/content-type/download/content-type-1.0.4.tgz"
  "version" "1.0.4"

"cookies@~0.6.1":
  "integrity" "sha1-asGwUolSCOj8TE9fhqntMbnLXM8="
  "resolved" "https://registry.npm.taobao.org/cookies/download/cookies-0.6.2.tgz"
  "version" "0.6.2"
  dependencies:
    "depd" "~1.1.0"
    "keygrip" "~1.0.1"

"copy-to@^2.0.1":
  "integrity" "sha1-JoD7uAaKSNCGVrYJgJK9r8kG9KU="
  "resolved" "https://registry.nlark.com/copy-to/download/copy-to-2.0.1.tgz"
  "version" "2.0.1"

"core-util-is@~1.0.0":
  "integrity" "sha1-tf1UIgqivFq1eqtxQMlAdUUDwac="
  "resolved" "https://registry.npm.taobao.org/core-util-is/download/core-util-is-1.0.2.tgz"
  "version" "1.0.2"

"debug@*", "debug@^4.1.1", "debug@4":
  "integrity" "sha1-8NIpxQXgxtjEmsVT0bE9wYP2su4="
  "resolved" "https://registry.npm.taobao.org/debug/download/debug-4.3.1.tgz?cache=0&sync_timestamp=1607566580543&other_urls=https%3A%2F%2Fregistry.npm.taobao.org%2Fdebug%2Fdownload%2Fdebug-4.3.1.tgz"
  "version" "4.3.1"
  dependencies:
    "ms" "2.1.2"

"debug@^3.1.0":
  "integrity" "sha1-clgLfpFF+zm2Z2+cXl+xALk0F5o="
  "resolved" "https://registry.npm.taobao.org/debug/download/debug-3.2.7.tgz?cache=0&sync_timestamp=1607566580543&other_urls=https%3A%2F%2Fregistry.npm.taobao.org%2Fdebug%2Fdownload%2Fdebug-3.2.7.tgz"
  "version" "3.2.7"
  dependencies:
    "ms" "^2.1.1"

"deep-equal@~1.0.1":
  "integrity" "sha1-9dJgKStmDghO/0zbyfCK0yR0SLU="
  "resolved" "https://registry.npm.taobao.org/deep-equal/download/deep-equal-1.0.1.tgz?cache=0&sync_timestamp=1606860101281&other_urls=https%3A%2F%2Fregistry.npm.taobao.org%2Fdeep-equal%2Fdownload%2Fdeep-equal-1.0.1.tgz"
  "version" "1.0.1"

"delegates@^1.0.0":
  "integrity" "sha1-hMbhWbgZBP3KWaDvRM2HDTElD5o="
  "resolved" "https://registry.npm.taobao.org/delegates/download/delegates-1.0.0.tgz"
  "version" "1.0.0"

"denque@^1.4.1":
  "integrity" "sha1-dz3gaG/y2Owv+SkUMWpHtzscc94="
  "resolved" "https://registry.npm.taobao.org/denque/download/denque-1.5.0.tgz"
  "version" "1.5.0"

"depd@^1.1.0", "depd@~1.1.0", "depd@~1.1.2":
  "integrity" "sha1-m81S4UwJd2PnSbJ0xDRu0uVgtak="
  "resolved" "https://registry.npm.taobao.org/depd/download/depd-1.1.2.tgz"
  "version" "1.1.2"

"destroy@^1.0.3":
  "integrity" "sha1-l4hXRCxEdJ5CBmE+N5RiBYJqvYA="
  "resolved" "https://registry.npm.taobao.org/destroy/download/destroy-1.0.4.tgz"
  "version" "1.0.4"

"detect-libc@^1.0.3":
  "integrity" "sha1-+hN8S9aY7fVc1c0CrFWfkaTEups="
  "resolved" "https://registry.npm.taobao.org/detect-libc/download/detect-libc-1.0.3.tgz"
  "version" "1.0.3"

"dottie@^2.0.0":
  "integrity" "sha1-zJHAcmzjoFTr8RxV+8kqfyZt0VQ="
  "resolved" "https://registry.npm.taobao.org/dottie/download/dottie-2.0.2.tgz?cache=0&sync_timestamp=1575367696583&other_urls=https%3A%2F%2Fregistry.npm.taobao.org%2Fdottie%2Fdownload%2Fdottie-2.0.2.tgz"
  "version" "2.0.2"

"ecdsa-sig-formatter@1.0.11":
  "integrity" "sha1-rg8PothQRe8UqBfao86azQSJ5b8="
  "resolved" "https://registry.npm.taobao.org/ecdsa-sig-formatter/download/ecdsa-sig-formatter-1.0.11.tgz"
  "version" "1.0.11"
  dependencies:
    "safe-buffer" "^5.0.1"

"ee-first@1.1.1":
  "integrity" "sha1-WQxhFWsK4vTwJVcyoViyZrxWsh0="
  "resolved" "https://registry.npm.taobao.org/ee-first/download/ee-first-1.1.1.tgz"
  "version" "1.1.1"

"error-inject@~1.0.0":
  "integrity" "sha1-4rPZG1Su1nLzCdlQ0VSFD6EdTzc="
  "resolved" "https://registry.npm.taobao.org/error-inject/download/error-inject-1.0.0.tgz"
  "version" "1.0.0"

"escape-html@~1.0.1":
  "integrity" "sha1-Aljq5NPQwJdN4cFpGI7wBR0dGYg="
  "resolved" "https://registry.npm.taobao.org/escape-html/download/escape-html-1.0.3.tgz"
  "version" "1.0.3"

"fresh@^0.3.0":
  "integrity" "sha1-ZR+DjiJCTnVm3hYdg1jKoZn4PU8="
  "resolved" "https://registry.nlark.com/fresh/download/fresh-0.3.0.tgz?cache=0&sync_timestamp=1618846949012&other_urls=https%3A%2F%2Fregistry.nlark.com%2Ffresh%2Fdownload%2Ffresh-0.3.0.tgz"
  "version" "0.3.0"

"fs-minipass@^2.0.0":
  "integrity" "sha1-f1A2/b8SxjwWkZDL5BmchSJx+fs="
  "resolved" "https://registry.npm.taobao.org/fs-minipass/download/fs-minipass-2.1.0.tgz"
  "version" "2.1.0"
  dependencies:
    "minipass" "^3.0.0"

"fs.realpath@^1.0.0":
  "integrity" "sha1-FQStJSMVjKpA20onh8sBQRmU6k8="
  "resolved" "https://registry.nlark.com/fs.realpath/download/fs.realpath-1.0.0.tgz"
  "version" "1.0.0"

"function-bind@^1.1.1":
  "integrity" "sha1-pWiZ0+o8m6uHS7l3O3xe3pL0iV0="
  "resolved" "https://registry.npm.taobao.org/function-bind/download/function-bind-1.1.1.tgz"
  "version" "1.1.1"

"gauge@~2.7.3":
  "integrity" "sha1-LANAXHU4w51+s3sxcCLjJfsBi/c="
  "resolved" "https://registry.npm.taobao.org/gauge/download/gauge-2.7.4.tgz"
  "version" "2.7.4"
  dependencies:
    "aproba" "^1.0.3"
    "console-control-strings" "^1.0.0"
    "has-unicode" "^2.0.0"
    "object-assign" "^4.1.0"
    "signal-exit" "^3.0.0"
    "string-width" "^1.0.1"
    "strip-ansi" "^3.0.1"
    "wide-align" "^1.1.0"

"generate-function@^2.3.1":
  "integrity" "sha1-8GlhdpDBDIaOc7hGV0Z2T5fDR58="
  "resolved" "https://registry.npm.taobao.org/generate-function/download/generate-function-2.3.1.tgz"
  "version" "2.3.1"
  dependencies:
    "is-property" "^1.0.2"

"get-intrinsic@^1.0.2":
  "integrity" "sha1-FfWfN2+FXERpY5SPDSTNNje0q8Y="
  "resolved" "https://registry.npm.taobao.org/get-intrinsic/download/get-intrinsic-1.1.1.tgz?cache=0&sync_timestamp=1612364352840&other_urls=https%3A%2F%2Fregistry.npm.taobao.org%2Fget-intrinsic%2Fdownload%2Fget-intrinsic-1.1.1.tgz"
  "version" "1.1.1"
  dependencies:
    "function-bind" "^1.1.1"
    "has" "^1.0.3"
    "has-symbols" "^1.0.1"

"glob@^7.1.3":
  "integrity" "sha1-Oxk+kjPwHULQs/eClLvutBj5SpA="
  "resolved" "https://registry.nlark.com/glob/download/glob-7.1.7.tgz?cache=0&sync_timestamp=1620337382269&other_urls=https%3A%2F%2Fregistry.nlark.com%2Fglob%2Fdownload%2Fglob-7.1.7.tgz"
  "version" "7.1.7"
  dependencies:
    "fs.realpath" "^1.0.0"
    "inflight" "^1.0.4"
    "inherits" "2"
    "minimatch" "^3.0.4"
    "once" "^1.3.0"
    "path-is-absolute" "^1.0.0"

"has-symbols@^1.0.1":
  "integrity" "sha1-Fl0wcMADCXUqEjakeTMeOsVvFCM="
  "resolved" "https://registry.npm.taobao.org/has-symbols/download/has-symbols-1.0.2.tgz?cache=0&sync_timestamp=1614443577352&other_urls=https%3A%2F%2Fregistry.npm.taobao.org%2Fhas-symbols%2Fdownload%2Fhas-symbols-1.0.2.tgz"
  "version" "1.0.2"

"has-unicode@^2.0.0":
  "integrity" "sha1-4Ob+aijPUROIVeCG0Wkedx3iqLk="
  "resolved" "https://registry.npm.taobao.org/has-unicode/download/has-unicode-2.0.1.tgz"
  "version" "2.0.1"

"has@^1.0.3":
  "integrity" "sha1-ci18v8H2qoJB8W3YFOAR4fQeh5Y="
  "resolved" "https://registry.nlark.com/has/download/has-1.0.3.tgz"
  "version" "1.0.3"
  dependencies:
    "function-bind" "^1.1.1"

"http-assert@^1.1.0":
  "integrity" "sha1-xfcl1neqfoc+9zYZm4lobM6zeHg="
  "resolved" "https://registry.npm.taobao.org/http-assert/download/http-assert-1.4.1.tgz"
  "version" "1.4.1"
  dependencies:
    "deep-equal" "~1.0.1"
    "http-errors" "~1.7.2"

"http-errors@^1.2.8", "http-errors@^1.7.3":
  "integrity" "sha1-ddG75JfhBE9R5O6ecEpi8o0zZQc="
  "resolved" "https://registry.nlark.com/http-errors/download/http-errors-1.8.0.tgz"
  "version" "1.8.0"
  dependencies:
    "depd" "~1.1.2"
    "inherits" "2.0.4"
    "setprototypeof" "1.2.0"
    "statuses" ">= 1.5.0 < 2"
    "toidentifier" "1.0.0"

"http-errors@~1.6.2":
  "integrity" "sha1-i1VoC7S+KDoLW/TqLjhYC+HZMg0="
  "resolved" "https://registry.nlark.com/http-errors/download/http-errors-1.6.3.tgz"
  "version" "1.6.3"
  dependencies:
    "depd" "~1.1.2"
    "inherits" "2.0.3"
    "setprototypeof" "1.1.0"
    "statuses" ">= 1.4.0 < 2"

"http-errors@~1.7.2":
  "integrity" "sha1-bGGeT5xgMIw4UZSYwU+7EKrOuwY="
  "resolved" "https://registry.nlark.com/http-errors/download/http-errors-1.7.3.tgz"
  "version" "1.7.3"
  dependencies:
    "depd" "~1.1.2"
    "inherits" "2.0.4"
    "setprototypeof" "1.1.1"
    "statuses" ">= 1.5.0 < 2"
    "toidentifier" "1.0.0"

"http-errors@1.7.3":
  "integrity" "sha1-bGGeT5xgMIw4UZSYwU+7EKrOuwY="
  "resolved" "https://registry.nlark.com/http-errors/download/http-errors-1.7.3.tgz"
  "version" "1.7.3"
  dependencies:
    "depd" "~1.1.2"
    "inherits" "2.0.4"
    "setprototypeof" "1.1.1"
    "statuses" ">= 1.5.0 < 2"
    "toidentifier" "1.0.0"

"https-proxy-agent@^5.0.0":
  "integrity" "sha1-4qkFQqu2inYuCghQ9sntrf2FBrI="
  "resolved" "https://registry.npm.taobao.org/https-proxy-agent/download/https-proxy-agent-5.0.0.tgz"
  "version" "5.0.0"
  dependencies:
    "agent-base" "6"
    "debug" "4"

"iconv-lite@^0.6.2":
  "integrity" "sha1-pS+AvzjaGVLrXGgXkHGYcaGnJQE="
  "resolved" "https://registry.nlark.com/iconv-lite/download/iconv-lite-0.6.3.tgz?cache=0&sync_timestamp=1621826342262&other_urls=https%3A%2F%2Fregistry.nlark.com%2Ficonv-lite%2Fdownload%2Ficonv-lite-0.6.3.tgz"
  "version" "0.6.3"
  dependencies:
    "safer-buffer" ">= 2.1.2 < 3.0.0"

"iconv-lite@0.4.24":
  "integrity" "sha1-ICK0sl+93CHS9SSXSkdKr+czkIs="
  "resolved" "https://registry.nlark.com/iconv-lite/download/iconv-lite-0.4.24.tgz?cache=0&sync_timestamp=1621826342262&other_urls=https%3A%2F%2Fregistry.nlark.com%2Ficonv-lite%2Fdownload%2Ficonv-lite-0.4.24.tgz"
  "version" "0.4.24"
  dependencies:
    "safer-buffer" ">= 2.1.2 < 3"

"inflation@^2.0.0":
  "integrity" "sha1-i0F+R8KPklpFEz2RTKH9OJEH8w8="
  "resolved" "https://registry.npm.taobao.org/inflation/download/inflation-2.0.0.tgz"
  "version" "2.0.0"

"inflection@1.12.0":
  "integrity" "sha1-ogCTVlbW9fa8TcdQLhrstwMihBY="
  "resolved" "https://registry.nlark.com/inflection/download/inflection-1.12.0.tgz"
  "version" "1.12.0"

"inflight@^1.0.4":
  "integrity" "sha1-Sb1jMdfQLQwJvJEKEHW6gWW1bfk="
  "resolved" "https://registry.npm.taobao.org/inflight/download/inflight-1.0.6.tgz"
  "version" "1.0.6"
  dependencies:
    "once" "^1.3.0"
    "wrappy" "1"

"inherits@~2.0.3", "inherits@2", "inherits@2.0.4":
  "integrity" "sha1-D6LGT5MpF8NDOg3tVTY6rjdBa3w="
  "resolved" "https://registry.npm.taobao.org/inherits/download/inherits-2.0.4.tgz"
  "version" "2.0.4"

"inherits@2.0.3":
  "integrity" "sha1-Yzwsg+PaQqUC9SRmAiSA9CCCYd4="
  "resolved" "https://registry.npm.taobao.org/inherits/download/inherits-2.0.3.tgz"
  "version" "2.0.3"

"is-fullwidth-code-point@^1.0.0":
  "integrity" "sha1-754xOG8DGn8NZDr4L95QxFfvAMs="
  "resolved" "https://registry.npm.taobao.org/is-fullwidth-code-point/download/is-fullwidth-code-point-1.0.0.tgz"
  "version" "1.0.0"
  dependencies:
    "number-is-nan" "^1.0.0"

"is-generator-function@^1.0.3":
  "integrity" "sha1-5fgsIyNnPn/K09EoWMg8QDn2OZw="
  "resolved" "https://registry.nlark.com/is-generator-function/download/is-generator-function-1.0.9.tgz?cache=0&sync_timestamp=1620280921258&other_urls=https%3A%2F%2Fregistry.nlark.com%2Fis-generator-function%2Fdownload%2Fis-generator-function-1.0.9.tgz"
  "version" "1.0.9"

"is-property@^1.0.2":
  "integrity" "sha1-V/4cTkhHTt1lsJkR8msc1Ald2oQ="
  "resolved" "https://registry.npm.taobao.org/is-property/download/is-property-1.0.2.tgz"
  "version" "1.0.2"

"isarray@~1.0.0":
  "integrity" "sha1-u5NdSFgsuhaMBoNJV6VKPgcSTxE="
  "resolved" "https://registry.npm.taobao.org/isarray/download/isarray-1.0.0.tgz?cache=0&sync_timestamp=1562592096220&other_urls=https%3A%2F%2Fregistry.npm.taobao.org%2Fisarray%2Fdownload%2Fisarray-1.0.0.tgz"
  "version" "1.0.0"

"jsonwebtoken@^8.5.1":
  "integrity" "sha1-AOceC431TCEhofJhN98igGc7zA0="
  "resolved" "https://registry.npm.taobao.org/jsonwebtoken/download/jsonwebtoken-8.5.1.tgz"
  "version" "8.5.1"
  dependencies:
    "jws" "^3.2.2"
    "lodash.includes" "^4.3.0"
    "lodash.isboolean" "^3.0.3"
    "lodash.isinteger" "^4.0.4"
    "lodash.isnumber" "^3.0.3"
    "lodash.isplainobject" "^4.0.6"
    "lodash.isstring" "^4.0.1"
    "lodash.once" "^4.0.0"
    "ms" "^2.1.1"
    "semver" "^5.6.0"

"jwa@^1.4.1":
  "integrity" "sha1-dDwymFy56YZVUw1TZBtmyGRbA5o="
  "resolved" "https://registry.npm.taobao.org/jwa/download/jwa-1.4.1.tgz"
  "version" "1.4.1"
  dependencies:
    "buffer-equal-constant-time" "1.0.1"
    "ecdsa-sig-formatter" "1.0.11"
    "safe-buffer" "^5.0.1"

"jws@^3.2.2":
  "integrity" "sha1-ABCZ82OUaMlBQADpmZX6UvtHgwQ="
  "resolved" "https://registry.npm.taobao.org/jws/download/jws-3.2.2.tgz"
  "version" "3.2.2"
  dependencies:
    "jwa" "^1.4.1"
    "safe-buffer" "^5.0.1"

"keygrip@~1.0.1":
  "integrity" "sha1-OZ1wnwrtK6sKBZ4M3TpQI6BT4dw="
  "resolved" "https://registry.npm.taobao.org/keygrip/download/keygrip-1.0.3.tgz"
  "version" "1.0.3"

"koa-bodyparser@^4.3.0":
  "integrity" "sha1-J0x3hVX/SPoiHufzap+9us4idZo="
  "resolved" "https://registry.npm.taobao.org/koa-bodyparser/download/koa-bodyparser-4.3.0.tgz"
  "version" "4.3.0"
  dependencies:
    "co-body" "^6.0.0"
    "copy-to" "^2.0.1"

"koa-compose@^3.0.0":
  "integrity" "sha1-qFzLQLfZhtjlo0Wzoazo6rz1Tec="
  "resolved" "https://registry.npm.taobao.org/koa-compose/download/koa-compose-3.2.1.tgz"
  "version" "3.2.1"
  dependencies:
    "any-promise" "^1.1.0"

"koa-compose@^4.1.0":
  "integrity" "sha1-UHMGuTcZAdtBEhyBLpI9DWfT6Hc="
  "resolved" "https://registry.npm.taobao.org/koa-compose/download/koa-compose-4.1.0.tgz"
  "version" "4.1.0"

"koa-convert@^1.2.0":
  "integrity" "sha1-2kCHXfSd4FOQmNFwC1CCDOvNIdA="
  "resolved" "https://registry.npm.taobao.org/koa-convert/download/koa-convert-1.2.0.tgz?cache=0&sync_timestamp=1599761789317&other_urls=https%3A%2F%2Fregistry.npm.taobao.org%2Fkoa-convert%2Fdownload%2Fkoa-convert-1.2.0.tgz"
  "version" "1.2.0"
  dependencies:
    "co" "^4.6.0"
    "koa-compose" "^3.0.0"

"koa-is-json@^1.0.0":
  "integrity" "sha1-JzwH7c3Ljfaiwat9We52SRRR7BQ="
  "resolved" "https://registry.npm.taobao.org/koa-is-json/download/koa-is-json-1.0.0.tgz"
  "version" "1.0.0"

"koa-router@^10.0.0":
  "integrity" "sha1-e8dqAxCFcx5h/JLBaDaHsvRN5qQ="
  "resolved" "https://registry.npm.taobao.org/koa-router/download/koa-router-10.0.0.tgz"
  "version" "10.0.0"
  dependencies:
    "debug" "^4.1.1"
    "http-errors" "^1.7.3"
    "koa-compose" "^4.1.0"
    "methods" "^1.1.2"
    "path-to-regexp" "^6.1.0"

"koa-send@^5.0.0":
  "integrity" "sha1-Odzuv6+zldDWC+r/ujpwtPVD/nk="
  "resolved" "https://registry.npm.taobao.org/koa-send/download/koa-send-5.0.1.tgz"
  "version" "5.0.1"
  dependencies:
    "debug" "^4.1.1"
    "http-errors" "^1.7.3"
    "resolve-path" "^1.4.0"

"koa-static@^5.0.0":
  "integrity" "sha1-XpL8lrU3rVIZ9CUxnJW2R3J3aUM="
  "resolved" "https://registry.npm.taobao.org/koa-static/download/koa-static-5.0.0.tgz"
  "version" "5.0.0"
  dependencies:
    "debug" "^3.1.0"
    "koa-send" "^5.0.0"

"koa2-cors@^2.0.6":
  "integrity" "sha1-mtI986C5u4RTC0b1lE8/tXYIZVQ="
  "resolved" "https://registry.npm.taobao.org/koa2-cors/download/koa2-cors-2.0.6.tgz"
  "version" "2.0.6"

"koa2@*":
  "integrity" "sha1-eP9Uqg7Qd/nsSPB1Ky66YTDjaUg="
  "resolved" "https://registry.npm.taobao.org/koa2/download/koa2-2.0.0-alpha.7.tgz"
  "version" "2.0.0-alpha.7"
  dependencies:
    "accepts" "^1.2.2"
    "content-disposition" "~0.5.0"
    "content-type" "^1.0.0"
    "cookies" "~0.6.1"
    "debug" "*"
    "delegates" "^1.0.0"
    "depd" "^1.1.0"
    "destroy" "^1.0.3"
    "error-inject" "~1.0.0"
    "escape-html" "~1.0.1"
    "fresh" "^0.3.0"
    "http-assert" "^1.1.0"
    "http-errors" "^1.2.8"
    "is-generator-function" "^1.0.3"
    "koa-compose" "^3.0.0"
    "koa-convert" "^1.2.0"
    "koa-is-json" "^1.0.0"
    "mime-types" "^2.0.7"
    "on-finished" "^2.1.0"
    "only" "0.0.2"
    "parseurl" "^1.3.0"
    "statuses" "^1.2.0"
    "type-is" "^1.5.5"
    "vary" "^1.0.0"

"lodash.includes@^4.3.0":
  "integrity" "sha1-YLuYqHy5I8aMoeUTJUgzFISfVT8="
  "resolved" "https://registry.npm.taobao.org/lodash.includes/download/lodash.includes-4.3.0.tgz"
  "version" "4.3.0"

"lodash.isboolean@^3.0.3":
  "integrity" "sha1-bC4XHbKiV82WgC/UOwGyDV9YcPY="
  "resolved" "https://registry.npm.taobao.org/lodash.isboolean/download/lodash.isboolean-3.0.3.tgz"
  "version" "3.0.3"

"lodash.isinteger@^4.0.4":
  "integrity" "sha1-YZwK89A/iwTDH1iChAt3sRzWg0M="
  "resolved" "https://registry.npm.taobao.org/lodash.isinteger/download/lodash.isinteger-4.0.4.tgz"
  "version" "4.0.4"

"lodash.isnumber@^3.0.3":
  "integrity" "sha1-POdoEMWSjQM1IwGsKHMX8RwLH/w="
  "resolved" "https://registry.npm.taobao.org/lodash.isnumber/download/lodash.isnumber-3.0.3.tgz"
  "version" "3.0.3"

"lodash.isplainobject@^4.0.6":
  "integrity" "sha1-fFJqUtibRcRcxpC4gWO+BJf1UMs="
  "resolved" "https://registry.npm.taobao.org/lodash.isplainobject/download/lodash.isplainobject-4.0.6.tgz"
  "version" "4.0.6"

"lodash.isstring@^4.0.1":
  "integrity" "sha1-1SfftUVuynzJu5XV2ur4i6VKVFE="
  "resolved" "https://registry.npm.taobao.org/lodash.isstring/download/lodash.isstring-4.0.1.tgz"
  "version" "4.0.1"

"lodash.once@^4.0.0":
  "integrity" "sha1-DdOXEhPHxW34gJd9UEyI+0cal6w="
  "resolved" "https://registry.npm.taobao.org/lodash.once/download/lodash.once-4.1.1.tgz"
  "version" "4.1.1"

"lodash@^4.17.20":
  "integrity" "sha1-Z5WRxWTDv/quhFTPCz3zcMPWkRw="
  "resolved" "https://registry.npm.taobao.org/lodash/download/lodash-4.17.21.tgz"
  "version" "4.17.21"

"long@^4.0.0":
  "integrity" "sha1-mntxz7fTYaGU6lVSQckvdGjVvyg="
  "resolved" "https://registry.npm.taobao.org/long/download/long-4.0.0.tgz"
  "version" "4.0.0"

"lru-cache@^4.1.3":
  "integrity" "sha1-i75Q6oW+1ZvJ4z3KuCNe6bz0Q80="
  "resolved" "https://registry.npm.taobao.org/lru-cache/download/lru-cache-4.1.5.tgz"
  "version" "4.1.5"
  dependencies:
    "pseudomap" "^1.0.2"
    "yallist" "^2.1.2"

"lru-cache@^6.0.0":
  "integrity" "sha1-bW/mVw69lqr5D8rR2vo7JWbbOpQ="
  "resolved" "https://registry.npm.taobao.org/lru-cache/download/lru-cache-6.0.0.tgz"
  "version" "6.0.0"
  dependencies:
    "yallist" "^4.0.0"

"make-dir@^3.1.0":
  "integrity" "sha1-QV6WcEazp/HRhSd9hKpYIDcmoT8="
  "resolved" "https://registry.npm.taobao.org/make-dir/download/make-dir-3.1.0.tgz"
  "version" "3.1.0"
  dependencies:
    "semver" "^6.0.0"

"media-typer@0.3.0":
  "integrity" "sha1-hxDXrwqmJvj/+hzgAWhUUmMlV0g="
  "resolved" "https://registry.npm.taobao.org/media-typer/download/media-typer-0.3.0.tgz"
  "version" "0.3.0"

"methods@^1.1.2":
  "integrity" "sha1-VSmk1nZUE07cxSZmVoNbD4Ua/O4="
  "resolved" "https://registry.npm.taobao.org/methods/download/methods-1.1.2.tgz"
  "version" "1.1.2"

"mime-db@1.48.0":
  "integrity" "sha1-41sxBF3X6to6qtU37YijOvvvLR0="
  "resolved" "https://registry.nlark.com/mime-db/download/mime-db-1.48.0.tgz?cache=0&sync_timestamp=1622433556078&other_urls=https%3A%2F%2Fregistry.nlark.com%2Fmime-db%2Fdownload%2Fmime-db-1.48.0.tgz"
  "version" "1.48.0"

"mime-types@^2.0.7", "mime-types@~2.1.24":
  "integrity" "sha1-oA12t0MXxh+cLbIhi46fjpxcnms="
  "resolved" "https://registry.nlark.com/mime-types/download/mime-types-2.1.31.tgz?cache=0&sync_timestamp=1622569304088&other_urls=https%3A%2F%2Fregistry.nlark.com%2Fmime-types%2Fdownload%2Fmime-types-2.1.31.tgz"
  "version" "2.1.31"
  dependencies:
    "mime-db" "1.48.0"

"minimatch@^3.0.4":
  "integrity" "sha1-UWbihkV/AzBgZL5Ul+jbsMPTIIM="
  "resolved" "https://registry.npm.taobao.org/minimatch/download/minimatch-3.0.4.tgz"
  "version" "3.0.4"
  dependencies:
    "brace-expansion" "^1.1.7"

"minipass@^3.0.0":
  "integrity" "sha1-fUL/HzljVILhX5zbUxhN7r1YFf0="
  "resolved" "https://registry.npm.taobao.org/minipass/download/minipass-3.1.3.tgz"
  "version" "3.1.3"
  dependencies:
    "yallist" "^4.0.0"

"minizlib@^2.1.1":
  "integrity" "sha1-6Q00Zrogm5MkUVCKEc49NjIUWTE="
  "resolved" "https://registry.nlark.com/minizlib/download/minizlib-2.1.2.tgz"
  "version" "2.1.2"
  dependencies:
    "minipass" "^3.0.0"
    "yallist" "^4.0.0"

"mkdirp@^1.0.3":
  "integrity" "sha1-PrXtYmInVteaXw4qIh3+utdcL34="
  "resolved" "https://registry.npm.taobao.org/mkdirp/download/mkdirp-1.0.4.tgz"
  "version" "1.0.4"

"moment-timezone@^0.5.31":
  "integrity" "sha1-slL9a7V/NBybWaWrYajlGnO70iw="
  "resolved" "https://registry.npm.taobao.org/moment-timezone/download/moment-timezone-0.5.33.tgz"
  "version" "0.5.33"
  dependencies:
    "moment" ">= 2.9.0"

"moment@^2.26.0", "moment@^2.29.1", "moment@>= 2.9.0":
  "integrity" "sha1-sr52n6MZQL6e7qZGnAdeNQBvo9M="
  "resolved" "https://registry.npm.taobao.org/moment/download/moment-2.29.1.tgz?cache=0&sync_timestamp=1601983320283&other_urls=https%3A%2F%2Fregistry.npm.taobao.org%2Fmoment%2Fdownload%2Fmoment-2.29.1.tgz"
  "version" "2.29.1"

"ms@^2.1.1", "ms@2.1.2":
  "integrity" "sha1-0J0fNXtEP0kzgqjrPM0YOHKuYAk="
  "resolved" "https://registry.npm.taobao.org/ms/download/ms-2.1.2.tgz?cache=0&sync_timestamp=1607433856030&other_urls=https%3A%2F%2Fregistry.npm.taobao.org%2Fms%2Fdownload%2Fms-2.1.2.tgz"
  "version" "2.1.2"

"mysql2@^2.2.5":
  "integrity" "sha1-cmJP+0gW+A+Wucl/7djACTX580A="
  "resolved" "https://registry.npm.taobao.org/mysql2/download/mysql2-2.2.5.tgz"
  "version" "2.2.5"
  dependencies:
    "denque" "^1.4.1"
    "generate-function" "^2.3.1"
    "iconv-lite" "^0.6.2"
    "long" "^4.0.0"
    "lru-cache" "^6.0.0"
    "named-placeholders" "^1.1.2"
    "seq-queue" "^0.0.5"
    "sqlstring" "^2.3.2"

"named-placeholders@^1.1.2":
  "integrity" "sha1-zrH7/1C2szSStc8hTM9eOc7z0Og="
  "resolved" "https://registry.npm.taobao.org/named-placeholders/download/named-placeholders-1.1.2.tgz"
  "version" "1.1.2"
  dependencies:
    "lru-cache" "^4.1.3"

"negotiator@0.6.2":
  "integrity" "sha1-/qz3zPUlp3rpY0Q2pkiD/+yjRvs="
  "resolved" "https://registry.npm.taobao.org/negotiator/download/negotiator-0.6.2.tgz"
  "version" "0.6.2"

"node-addon-api@^3.1.0":
  "integrity" "sha1-gTJeCiEXeJwBKNq2Xn448HzroWE="
  "resolved" "https://registry.nlark.com/node-addon-api/download/node-addon-api-3.2.1.tgz"
  "version" "3.2.1"

"node-fetch@^2.6.1":
  "integrity" "sha1-BFvTI2Mfdu0uK1VXM5RBa2OaAFI="
  "resolved" "https://registry.npm.taobao.org/node-fetch/download/node-fetch-2.6.1.tgz"
  "version" "2.6.1"

"nodemailer@^6.6.2":
  "integrity" "sha1-4YTJ7VvuJFo+C8q8clWGY4V1cRQ="
  "resolved" "https://registry.nlark.com/nodemailer/download/nodemailer-6.6.2.tgz"
  "version" "6.6.2"

"nopt@^5.0.0":
  "integrity" "sha1-UwlCu1ilEvzK/lP+IQ8TolNV3Ig="
  "resolved" "https://registry.nlark.com/nopt/download/nopt-5.0.0.tgz"
  "version" "5.0.0"
  dependencies:
    "abbrev" "1"

"npmlog@^4.1.2":
  "integrity" "sha1-CKfyqL9zRgR3mp76StXMcXq7lUs="
  "resolved" "https://registry.npm.taobao.org/npmlog/download/npmlog-4.1.2.tgz"
  "version" "4.1.2"
  dependencies:
    "are-we-there-yet" "~1.1.2"
    "console-control-strings" "~1.1.0"
    "gauge" "~2.7.3"
    "set-blocking" "~2.0.0"

"number-is-nan@^1.0.0":
  "integrity" "sha1-CXtgK1NCKlIsGvuHkDGDNpQaAR0="
  "resolved" "https://registry.nlark.com/number-is-nan/download/number-is-nan-1.0.1.tgz"
  "version" "1.0.1"

"object-assign@^4.1.0":
  "integrity" "sha1-IQmtx5ZYh8/AXLvUQsrIv7s2CGM="
  "resolved" "https://registry.nlark.com/object-assign/download/object-assign-4.1.1.tgz?cache=0&sync_timestamp=1618846992533&other_urls=https%3A%2F%2Fregistry.nlark.com%2Fobject-assign%2Fdownload%2Fobject-assign-4.1.1.tgz"
  "version" "4.1.1"

"object-inspect@^1.9.0":
  "integrity" "sha1-wqp9LQn1DJk3VwT3oK3yTFeC02k="
  "resolved" "https://registry.nlark.com/object-inspect/download/object-inspect-1.10.3.tgz"
  "version" "1.10.3"

"on-finished@^2.1.0":
  "integrity" "sha1-IPEzZIGwg811M3mSoWlxqi2QaUc="
  "resolved" "https://registry.npm.taobao.org/on-finished/download/on-finished-2.3.0.tgz"
  "version" "2.3.0"
  dependencies:
    "ee-first" "1.1.1"

"once@^1.3.0":
  "integrity" "sha1-WDsap3WWHUsROsF9nFC6753Xa9E="
  "resolved" "https://registry.npm.taobao.org/once/download/once-1.4.0.tgz"
  "version" "1.4.0"
  dependencies:
    "wrappy" "1"

"only@0.0.2":
  "integrity" "sha1-Kv3oTQPlC5qO3EROMGEKcCle37Q="
  "resolved" "https://registry.npm.taobao.org/only/download/only-0.0.2.tgz"
  "version" "0.0.2"

"parseurl@^1.3.0":
  "integrity" "sha1-naGee+6NEt/wUT7Vt2lXeTvC6NQ="
  "resolved" "https://registry.npm.taobao.org/parseurl/download/parseurl-1.3.3.tgz"
  "version" "1.3.3"

"path-is-absolute@^1.0.0", "path-is-absolute@1.0.1":
  "integrity" "sha1-F0uSaHNVNP+8es5r9TpanhtcX18="
  "resolved" "https://registry.npm.taobao.org/path-is-absolute/download/path-is-absolute-1.0.1.tgz"
  "version" "1.0.1"

"path-to-regexp@^6.1.0":
  "integrity" "sha1-97OAMzYQTDRoia3s5hRmkjBkXzg="
  "resolved" "https://registry.npm.taobao.org/path-to-regexp/download/path-to-regexp-6.2.0.tgz"
  "version" "6.2.0"

"process-nextick-args@~2.0.0":
  "integrity" "sha1-eCDZsWEgzFXKmud5JoCufbptf+I="
  "resolved" "https://registry.npm.taobao.org/process-nextick-args/download/process-nextick-args-2.0.1.tgz"
  "version" "2.0.1"

"pseudomap@^1.0.2":
  "integrity" "sha1-8FKijacOYYkX7wqKw0wa5aaChrM="
  "resolved" "https://registry.npm.taobao.org/pseudomap/download/pseudomap-1.0.2.tgz"
  "version" "1.0.2"

"qs@^6.5.2":
  "integrity" "sha1-STFIL6jWR6Wqt5nFJx0hM7mB+2o="
  "resolved" "https://registry.npm.taobao.org/qs/download/qs-6.10.1.tgz"
  "version" "6.10.1"
  dependencies:
    "side-channel" "^1.0.4"

"raw-body@^2.3.3":
  "integrity" "sha1-MKyC+Yu1rowVLmcUnayNVRU7Fow="
  "resolved" "https://registry.npm.taobao.org/raw-body/download/raw-body-2.4.1.tgz"
  "version" "2.4.1"
  dependencies:
    "bytes" "3.1.0"
    "http-errors" "1.7.3"
    "iconv-lite" "0.4.24"
    "unpipe" "1.0.0"

"readable-stream@^2.0.6":
  "integrity" "sha1-Hsoc9xGu+BTAT2IlKjamL2yyO1c="
  "resolved" "https://registry.npm.taobao.org/readable-stream/download/readable-stream-2.3.7.tgz"
  "version" "2.3.7"
  dependencies:
    "core-util-is" "~1.0.0"
    "inherits" "~2.0.3"
    "isarray" "~1.0.0"
    "process-nextick-args" "~2.0.0"
    "safe-buffer" "~5.1.1"
    "string_decoder" "~1.1.1"
    "util-deprecate" "~1.0.1"

"resolve-path@^1.4.0":
  "integrity" "sha1-xL2p9e+y/OZSR4c6s2u02DT+Fvc="
  "resolved" "https://registry.npm.taobao.org/resolve-path/download/resolve-path-1.4.0.tgz"
  "version" "1.4.0"
  dependencies:
    "http-errors" "~1.6.2"
    "path-is-absolute" "1.0.1"

"retry-as-promised@^3.2.0":
  "integrity" "sha1-dp9j1Ta+xHg1SdsHd8tW2t2dhUM="
  "resolved" "https://registry.npm.taobao.org/retry-as-promised/download/retry-as-promised-3.2.0.tgz"
  "version" "3.2.0"
  dependencies:
    "any-promise" "^1.3.0"

"rimraf@^3.0.2":
  "integrity" "sha1-8aVAK6YiCtUswSgrrBrjqkn9Bho="
  "resolved" "https://registry.npm.taobao.org/rimraf/download/rimraf-3.0.2.tgz"
  "version" "3.0.2"
  dependencies:
    "glob" "^7.1.3"

"safe-buffer@^5.0.1", "safe-buffer@~5.1.0", "safe-buffer@~5.1.1", "safe-buffer@5.1.2":
  "integrity" "sha1-mR7GnSluAxN0fVm9/St0XDX4go0="
  "resolved" "https://registry.npm.taobao.org/safe-buffer/download/safe-buffer-5.1.2.tgz"
  "version" "5.1.2"

"safer-buffer@>= 2.1.2 < 3", "safer-buffer@>= 2.1.2 < 3.0.0":
  "integrity" "sha1-RPoWGwGHuVSd2Eu5GAL5vYOFzWo="
  "resolved" "https://registry.npm.taobao.org/safer-buffer/download/safer-buffer-2.1.2.tgz"
  "version" "2.1.2"

"semver@^5.6.0":
  "integrity" "sha1-qVT5Ma66UI0we78Gnv8MAclhFvc="
  "resolved" "https://registry.nlark.com/semver/download/semver-5.7.1.tgz?cache=0&sync_timestamp=1618847017123&other_urls=https%3A%2F%2Fregistry.nlark.com%2Fsemver%2Fdownload%2Fsemver-5.7.1.tgz"
  "version" "5.7.1"

"semver@^6.0.0":
  "integrity" "sha1-7gpkyK9ejO6mdoexM3YeG+y9HT0="
  "resolved" "https://registry.nlark.com/semver/download/semver-6.3.0.tgz?cache=0&sync_timestamp=1618847017123&other_urls=https%3A%2F%2Fregistry.nlark.com%2Fsemver%2Fdownload%2Fsemver-6.3.0.tgz"
  "version" "6.3.0"

"semver@^7.3.2", "semver@^7.3.4":
  "integrity" "sha1-C2Ich5NI2JmOSw5L6Us/EuYBjvc="
  "resolved" "https://registry.nlark.com/semver/download/semver-7.3.5.tgz?cache=0&sync_timestamp=1618847017123&other_urls=https%3A%2F%2Fregistry.nlark.com%2Fsemver%2Fdownload%2Fsemver-7.3.5.tgz"
  "version" "7.3.5"
  dependencies:
    "lru-cache" "^6.0.0"

"seq-queue@^0.0.5":
  "integrity" "sha1-1WgS4cAXpuTnw+Ojeh2m143TyT4="
  "resolved" "https://registry.npm.taobao.org/seq-queue/download/seq-queue-0.0.5.tgz"
  "version" "0.0.5"

"sequelize-pool@^6.0.0":
  "integrity" "sha1-yqoMHjJNPCw6OZ/tLHmYlwkl1mg="
  "resolved" "https://registry.npm.taobao.org/sequelize-pool/download/sequelize-pool-6.1.0.tgz?cache=0&sync_timestamp=1616644494305&other_urls=https%3A%2F%2Fregistry.npm.taobao.org%2Fsequelize-pool%2Fdownload%2Fsequelize-pool-6.1.0.tgz"
  "version" "6.1.0"

"sequelize@^6.6.2":
  "integrity" "sha1-NoGwpK6xBuMQedOlN9iFQgUdqy4="
  "resolved" "https://registry.npm.taobao.org/sequelize/download/sequelize-6.6.2.tgz?cache=0&sync_timestamp=1616473319210&other_urls=https%3A%2F%2Fregistry.npm.taobao.org%2Fsequelize%2Fdownload%2Fsequelize-6.6.2.tgz"
  "version" "6.6.2"
  dependencies:
    "debug" "^4.1.1"
    "dottie" "^2.0.0"
    "inflection" "1.12.0"
    "lodash" "^4.17.20"
    "moment" "^2.26.0"
    "moment-timezone" "^0.5.31"
    "retry-as-promised" "^3.2.0"
    "semver" "^7.3.2"
    "sequelize-pool" "^6.0.0"
    "toposort-class" "^1.0.1"
    "uuid" "^8.1.0"
    "validator" "^10.11.0"
    "wkx" "^0.5.0"

"set-blocking@~2.0.0":
  "integrity" "sha1-BF+XgtARrppoA93TgrJDkrPYkPc="
  "resolved" "https://registry.npm.taobao.org/set-blocking/download/set-blocking-2.0.0.tgz"
  "version" "2.0.0"

"setprototypeof@1.1.0":
  "integrity" "sha1-0L2FU2iHtv58DYGMuWLZ2RxU5lY="
  "resolved" "https://registry.npm.taobao.org/setprototypeof/download/setprototypeof-1.1.0.tgz"
  "version" "1.1.0"

"setprototypeof@1.1.1":
  "integrity" "sha1-fpWsskqpL1iF4KvvW6ExMw1K5oM="
  "resolved" "https://registry.npm.taobao.org/setprototypeof/download/setprototypeof-1.1.1.tgz"
  "version" "1.1.1"

"setprototypeof@1.2.0":
  "integrity" "sha1-ZsmiSnP5/CjL5msJ/tPTPcrxtCQ="
  "resolved" "https://registry.npm.taobao.org/setprototypeof/download/setprototypeof-1.2.0.tgz"
  "version" "1.2.0"

"side-channel@^1.0.4":
  "integrity" "sha1-785cj9wQTudRslxY1CkAEfpeos8="
  "resolved" "https://registry.npm.taobao.org/side-channel/download/side-channel-1.0.4.tgz"
  "version" "1.0.4"
  dependencies:
    "call-bind" "^1.0.0"
    "get-intrinsic" "^1.0.2"
    "object-inspect" "^1.9.0"

"signal-exit@^3.0.0":
  "integrity" "sha1-oUEMLt2PB3sItOJTyOrPyvBXRhw="
  "resolved" "https://registry.nlark.com/signal-exit/download/signal-exit-3.0.3.tgz"
  "version" "3.0.3"

"sqlstring@^2.3.2":
  "integrity" "sha1-za5xaTiaE3WxjohfLmCz5GCAlRQ="
  "resolved" "https://registry.npm.taobao.org/sqlstring/download/sqlstring-2.3.2.tgz"
  "version" "2.3.2"

"statuses@^1.2.0", "statuses@>= 1.4.0 < 2", "statuses@>= 1.5.0 < 2":
  "integrity" "sha1-Fhx9rBd2Wf2YEfQ3cfqZOBR4Yow="
  "resolved" "https://registry.npm.taobao.org/statuses/download/statuses-1.5.0.tgz?cache=0&sync_timestamp=1609654066899&other_urls=https%3A%2F%2Fregistry.npm.taobao.org%2Fstatuses%2Fdownload%2Fstatuses-1.5.0.tgz"
  "version" "1.5.0"

"string_decoder@~1.1.1":
  "integrity" "sha1-nPFhG6YmhdcDCunkujQUnDrwP8g="
  "resolved" "https://registry.npm.taobao.org/string_decoder/download/string_decoder-1.1.1.tgz"
  "version" "1.1.1"
  dependencies:
    "safe-buffer" "~5.1.0"

"string-width@^1.0.1", "string-width@^1.0.2 || 2":
  "integrity" "sha1-EYvfW4zcUaKn5w0hHgfisLmxB9M="
  "resolved" "https://registry.npm.taobao.org/string-width/download/string-width-1.0.2.tgz?cache=0&sync_timestamp=1618558821529&other_urls=https%3A%2F%2Fregistry.npm.taobao.org%2Fstring-width%2Fdownload%2Fstring-width-1.0.2.tgz"
  "version" "1.0.2"
  dependencies:
    "code-point-at" "^1.0.0"
    "is-fullwidth-code-point" "^1.0.0"
    "strip-ansi" "^3.0.0"

"strip-ansi@^3.0.0", "strip-ansi@^3.0.1":
  "integrity" "sha1-ajhfuIU9lS1f8F0Oiq+UJ43GPc8="
  "resolved" "https://registry.npm.taobao.org/strip-ansi/download/strip-ansi-3.0.1.tgz?cache=0&sync_timestamp=1618553388833&other_urls=https%3A%2F%2Fregistry.npm.taobao.org%2Fstrip-ansi%2Fdownload%2Fstrip-ansi-3.0.1.tgz"
  "version" "3.0.1"
  dependencies:
    "ansi-regex" "^2.0.0"

"tar@^6.1.0":
  "integrity" "sha1-0XJOm8wEuXexjVxXOzM6IgcimoM="
  "resolved" "https://registry.npm.taobao.org/tar/download/tar-6.1.0.tgz?cache=0&sync_timestamp=1610045517836&other_urls=https%3A%2F%2Fregistry.npm.taobao.org%2Ftar%2Fdownload%2Ftar-6.1.0.tgz"
  "version" "6.1.0"
  dependencies:
    "chownr" "^2.0.0"
    "fs-minipass" "^2.0.0"
    "minipass" "^3.0.0"
    "minizlib" "^2.1.1"
    "mkdirp" "^1.0.3"
    "yallist" "^4.0.0"

"toidentifier@1.0.0":
  "integrity" "sha1-fhvjRw8ed5SLxD2Uo8j013UrpVM="
  "resolved" "https://registry.npm.taobao.org/toidentifier/download/toidentifier-1.0.0.tgz"
  "version" "1.0.0"

"toposort-class@^1.0.1":
  "integrity" "sha1-f/0feMi+KMO6Rc1OGj9e4ZO9mYg="
  "resolved" "https://registry.npm.taobao.org/toposort-class/download/toposort-class-1.0.1.tgz"
  "version" "1.0.1"

"type-is@^1.5.5", "type-is@^1.6.16":
  "integrity" "sha1-TlUs0F3wlGfcvE73Od6J8s83wTE="
  "resolved" "https://registry.nlark.com/type-is/download/type-is-1.6.18.tgz"
  "version" "1.6.18"
  dependencies:
    "media-typer" "0.3.0"
    "mime-types" "~2.1.24"

"unpipe@1.0.0":
  "integrity" "sha1-sr9O6FFKrmFltIF4KdIbLvSZBOw="
  "resolved" "https://registry.npm.taobao.org/unpipe/download/unpipe-1.0.0.tgz"
  "version" "1.0.0"

"util-deprecate@~1.0.1":
  "integrity" "sha1-RQ1Nyfpw3nMnYvvS1KKJgUGaDM8="
  "resolved" "https://registry.npm.taobao.org/util-deprecate/download/util-deprecate-1.0.2.tgz"
  "version" "1.0.2"

"uuid@^8.1.0":
  "integrity" "sha1-gNW1ztJxu5r2xEXyGhoExgbO++I="
  "resolved" "https://registry.nlark.com/uuid/download/uuid-8.3.2.tgz"
  "version" "8.3.2"

"validator@^10.11.0":
  "integrity" "sha1-ADEI6m6amHTTHMyeUAaFbM12sig="
  "resolved" "https://registry.nlark.com/validator/download/validator-10.11.0.tgz"
  "version" "10.11.0"

"vary@^1.0.0":
  "integrity" "sha1-IpnwLG3tMNSllhsLn3RSShj2NPw="
  "resolved" "https://registry.nlark.com/vary/download/vary-1.1.2.tgz"
  "version" "1.1.2"

"wide-align@^1.1.0":
  "integrity" "sha1-rgdOa9wMFKQx6ATmJFScYzsABFc="
  "resolved" "https://registry.npm.taobao.org/wide-align/download/wide-align-1.1.3.tgz"
  "version" "1.1.3"
  dependencies:
    "string-width" "^1.0.2 || 2"

"wkx@^0.5.0":
  "integrity" "sha1-xsNwGaz0DlF8xrlGV6JaPUqjPow="
  "resolved" "https://registry.npm.taobao.org/wkx/download/wkx-0.5.0.tgz"
  "version" "0.5.0"
  dependencies:
    "@types/node" "*"

"wrappy@1":
  "integrity" "sha1-tSQ9jz7BqjXxNkYFvA0QNuMKtp8="
  "resolved" "https://registry.nlark.com/wrappy/download/wrappy-1.0.2.tgz?cache=0&sync_timestamp=1619133505879&other_urls=https%3A%2F%2Fregistry.nlark.com%2Fwrappy%2Fdownload%2Fwrappy-1.0.2.tgz"
  "version" "1.0.2"

"yallist@^2.1.2":
  "integrity" "sha1-HBH5IY8HYImkfdUS+TxmmaaoHVI="
  "resolved" "https://registry.nlark.com/yallist/download/yallist-2.1.2.tgz"
  "version" "2.1.2"

"yallist@^4.0.0":
  "integrity" "sha1-m7knkNnA7/7GO+c1GeEaNQGaOnI="
  "resolved" "https://registry.nlark.com/yallist/download/yallist-4.0.0.tgz"
  "version" "4.0.0"
